
Microsoft Visual Studio Solution File, Format Version 12.00
# Visual Studio 15
VisualStudioVersion = 15.0.26730.12
MinimumVisualStudioVersion = 10.0.40219.1
Project("{FAE04EC0-301F-11D3-BF4B-00C04F79EFBC}") = "MetroDemo", "MetroDemo\MetroDemo.csproj", "{104FB277-A2E0-4BAA-B352-E0A426E96365}"
EndProject
Global
	GlobalSection(SolutionConfigurationPlatforms) = preSolution
		Debug|Any CPU = Debug|Any CPU
		Release|Any CPU = Release|Any CPU
	EndGlobalSection
	GlobalSection(ProjectConfigurationPlatforms) = postSolution
		{104FB277-A2E0-4BAA-B352-E0A426E96365}.Debug|Any CPU.ActiveCfg = Debug|Any CPU
		{104FB277-A2E0-4BAA-B352-E0A426E96365}.Debug|Any CPU.Build.0 = Debug|Any CPU
		{104FB277-A2E0-4BAA-B352-E0A426E96365}.Release|Any CPU.ActiveCfg = Release|Any CPU
		{104FB277-A2E0-4BAA-B352-E0A426E96365}.Release|Any CPU.Build.0 = Release|Any CPU
	EndGlobalSection
	GlobalSection(SolutionProperties) = preSolution
		HideSolutionNode = FALSE
	EndGlobalSection
	GlobalSection(ExtensibilityGlobals) = postSolution
		SolutionGuid = {717F5176-5D63-4445-A4E3-6A4F912022A7}
	EndGlobalSection
EndGlobal
